// !$*UTF8*$!
{
	archiveVersion = 1;
	classes = {
	};
	objectVersion = 46;
	objects = {

/* Begin PBXBuildFile section */
		A1475B2C1AB0A8EC00D151B9 /* ViewControllerLoggedIn.m in Sources */ = {isa = PBXBuildFile; fileRef = A1475B2B1AB0A8EC00D151B9 /* ViewControllerLoggedIn.m */; };
		A1475B2E1AB0A98500D151B9 /* MapKit.framework in Frameworks */ = {isa = PBXBuildFile; fileRef = A1475B2D1AB0A98500D151B9 /* MapKit.framework */; };
		A1475B311AB0AEEE00D151B9 /* ViewControllerAddTrip.m in Sources */ = {isa = PBXBuildFile; fileRef = A1475B301AB0AEEE00D151B9 /* ViewControllerAddTrip.m */; };
		A18761461AC1E82C00F8AAF8 /* CustomCell.m in Sources */ = {isa = PBXBuildFile; fileRef = A18761451AC1E82C00F8AAF8 /* CustomCell.m */; };
		A18761491AC1EAC600F8AAF8 /* dash2.png in Resources */ = {isa = PBXBuildFile; fileRef = A18761471AC1EAC600F8AAF8 /* dash2.png */; };
		A187614A1AC1EAC600F8AAF8 /* dash1.png in Resources */ = {isa = PBXBuildFile; fileRef = A18761481AC1EAC600F8AAF8 /* dash1.png */; };
		A187614C1AC1EB9D00F8AAF8 /* dash1rev.png in Resources */ = {isa = PBXBuildFile; fileRef = A187614B1AC1EB9D00F8AAF8 /* dash1rev.png */; };
		A187614E1AC1F9E100F8AAF8 /* pin.png in Resources */ = {isa = PBXBuildFile; fileRef = A187614D1AC1F9E100F8AAF8 /* pin.png */; };
		A18761501AC1FA3D00F8AAF8 /* pin2.png in Resources */ = {isa = PBXBuildFile; fileRef = A187614F1AC1FA3D00F8AAF8 /* pin2.png */; };
		A18761531AC1FFF000F8AAF8 /* DetailsViewController.m in Sources */ = {isa = PBXBuildFile; fileRef = A18761521AC1FFF000F8AAF8 /* DetailsViewController.m */; };
		A18761551AC2150400F8AAF8 /* shoes.jpg in Resources */ = {isa = PBXBuildFile; fileRef = A18761541AC2150400F8AAF8 /* shoes.jpg */; };
		A196DE661AADEFC600E39712 /* main.m in Sources */ = {isa = PBXBuildFile; fileRef = A196DE651AADEFC600E39712 /* main.m */; };
		A196DE691AADEFC600E39712 /* AppDelegate.m in Sources */ = {isa = PBXBuildFile; fileRef = A196DE681AADEFC600E39712 /* AppDelegate.m */; };
		A196DE6C1AADEFC600E39712 /* ViewController.m in Sources */ = {isa = PBXBuildFile; fileRef = A196DE6B1AADEFC600E39712 /* ViewController.m */; };
		A196DE6F1AADEFC600E39712 /* Main.storyboard in Resources */ = {isa = PBXBuildFile; fileRef = A196DE6D1AADEFC600E39712 /* Main.storyboard */; };
		A196DE711AADEFC600E39712 /* Images.xcassets in Resources */ = {isa = PBXBuildFile; fileRef = A196DE701AADEFC600E39712 /* Images.xcassets */; };
		A196DE741AADEFC600E39712 /* LaunchScreen.xib in Resources */ = {isa = PBXBuildFile; fileRef = A196DE721AADEFC600E39712 /* LaunchScreen.xib */; };
		A196DE801AADEFC600E39712 /* ShoesAtTests.m in Sources */ = {isa = PBXBuildFile; fileRef = A196DE7F1AADEFC600E39712 /* ShoesAtTests.m */; };
		A1A5164B1AC2AD4200B3498A /* shoeb.png in Resources */ = {isa = PBXBuildFile; fileRef = A1A5164A1AC2AD4200B3498A /* shoeb.png */; };
		A1A5164F1AC2AEBD00B3498A /* FacebookSDK.framework in Frameworks */ = {isa = PBXBuildFile; fileRef = A1A5164E1AC2AEBD00B3498A /* FacebookSDK.framework */; };
		A1A516511AC2B29500B3498A /* poza-buton.png in Resources */ = {isa = PBXBuildFile; fileRef = A1A516501AC2B29500B3498A /* poza-buton.png */; };
		A1A516531AC2B62000B3498A /* worldcitiespop.txt in Resources */ = {isa = PBXBuildFile; fileRef = A1A516521AC2B62000B3498A /* worldcitiespop.txt */; };
		A1A516551AC2BA8D00B3498A /* File.txt in Resources */ = {isa = PBXBuildFile; fileRef = A1A516541AC2BA8D00B3498A /* File.txt */; };
		A1A516581AC306BB00B3498A /* ViewControllerTrips.m in Sources */ = {isa = PBXBuildFile; fileRef = A1A516571AC306BB00B3498A /* ViewControllerTrips.m */; };
		A1A5165B1AC3083700B3498A /* ViewControllerLogOut.m in Sources */ = {isa = PBXBuildFile; fileRef = A1A5165A1AC3083700B3498A /* ViewControllerLogOut.m */; };
		A1A5165E1AC314BC00B3498A /* CollectionViewCustomCell.m in Sources */ = {isa = PBXBuildFile; fileRef = A1A5165D1AC314BC00B3498A /* CollectionViewCustomCell.m */; };
/* End PBXBuildFile section */

/* Begin PBXContainerItemProxy section */
		A196DE7A1AADEFC600E39712 /* PBXContainerItemProxy */ = {
			isa = PBXContainerItemProxy;
			containerPortal = A196DE581AADEFC600E39712 /* Project object */;
			proxyType = 1;
			remoteGlobalIDString = A196DE5F1AADEFC600E39712;
			remoteInfo = ShoesAt;
		};
/* End PBXContainerItemProxy section */

/* Begin PBXFileReference section */
		A1475B2A1AB0A8EC00D151B9 /* ViewControllerLoggedIn.h */ = {isa = PBXFileReference; fileEncoding = 4; lastKnownFileType = sourcecode.c.h; path = ViewControllerLoggedIn.h; sourceTree = "<group>"; };
		A1475B2B1AB0A8EC00D151B9 /* ViewControllerLoggedIn.m */ = {isa = PBXFileReference; fileEncoding = 4; lastKnownFileType = sourcecode.c.objc; path = ViewControllerLoggedIn.m; sourceTree = "<group>"; };
		A1475B2D1AB0A98500D151B9 /* MapKit.framework */ = {isa = PBXFileReference; lastKnownFileType = wrapper.framework; name = MapKit.framework; path = System/Library/Frameworks/MapKit.framework; sourceTree = SDKROOT; };
		A1475B2F1AB0AEEE00D151B9 /* ViewControllerAddTrip.h */ = {isa = PBXFileReference; fileEncoding = 4; lastKnownFileType = sourcecode.c.h; path = ViewControllerAddTrip.h; sourceTree = "<group>"; };
		A1475B301AB0AEEE00D151B9 /* ViewControllerAddTrip.m */ = {isa = PBXFileReference; fileEncoding = 4; lastKnownFileType = sourcecode.c.objc; path = ViewControllerAddTrip.m; sourceTree = "<group>"; };
		A18761441AC1E82C00F8AAF8 /* CustomCell.h */ = {isa = PBXFileReference; fileEncoding = 4; lastKnownFileType = sourcecode.c.h; path = CustomCell.h; sourceTree = "<group>"; };
		A18761451AC1E82C00F8AAF8 /* CustomCell.m */ = {isa = PBXFileReference; fileEncoding = 4; lastKnownFileType = sourcecode.c.objc; path = CustomCell.m; sourceTree = "<group>"; };
		A18761471AC1EAC600F8AAF8 /* dash2.png */ = {isa = PBXFileReference; lastKnownFileType = image.png; name = dash2.png; path = ../../dash2.png; sourceTree = "<group>"; };
		A18761481AC1EAC600F8AAF8 /* dash1.png */ = {isa = PBXFileReference; lastKnownFileType = image.png; name = dash1.png; path = ../../dash1.png; sourceTree = "<group>"; };
		A187614B1AC1EB9D00F8AAF8 /* dash1rev.png */ = {isa = PBXFileReference; lastKnownFileType = image.png; name = dash1rev.png; path = ../../dash1rev.png; sourceTree = "<group>"; };
		A187614D1AC1F9E100F8AAF8 /* pin.png */ = {isa = PBXFileReference; lastKnownFileType = image.png; name = pin.png; path = ../../pin.png; sourceTree = "<group>"; };
		A187614F1AC1FA3D00F8AAF8 /* pin2.png */ = {isa = PBXFileReference; lastKnownFileType = image.png; name = pin2.png; path = ../pin2.png; sourceTree = "<group>"; };
		A18761511AC1FFF000F8AAF8 /* DetailsViewController.h */ = {isa = PBXFileReference; fileEncoding = 4; lastKnownFileType = sourcecode.c.h; path = DetailsViewController.h; sourceTree = "<group>"; };
		A18761521AC1FFF000F8AAF8 /* DetailsViewController.m */ = {isa = PBXFileReference; fileEncoding = 4; lastKnownFileType = sourcecode.c.objc; path = DetailsViewController.m; sourceTree = "<group>"; };
		A18761541AC2150400F8AAF8 /* shoes.jpg */ = {isa = PBXFileReference; lastKnownFileType = image.jpeg; name = shoes.jpg; path = ../shoes.jpg; sourceTree = "<group>"; };
		A196DE601AADEFC600E39712 /* ShoesAt.app */ = {isa = PBXFileReference; explicitFileType = wrapper.application; includeInIndex = 0; path = ShoesAt.app; sourceTree = BUILT_PRODUCTS_DIR; };
		A196DE641AADEFC600E39712 /* Info.plist */ = {isa = PBXFileReference; lastKnownFileType = text.plist.xml; path = Info.plist; sourceTree = "<group>"; };
		A196DE651AADEFC600E39712 /* main.m */ = {isa = PBXFileReference; lastKnownFileType = sourcecode.c.objc; path = main.m; sourceTree = "<group>"; };
		A196DE671AADEFC600E39712 /* AppDelegate.h */ = {isa = PBXFileReference; lastKnownFileType = sourcecode.c.h; path = AppDelegate.h; sourceTree = "<group>"; };
		A196DE681AADEFC600E39712 /* AppDelegate.m */ = {isa = PBXFileReference; lastKnownFileType = sourcecode.c.objc; path = AppDelegate.m; sourceTree = "<group>"; };
		A196DE6A1AADEFC600E39712 /* ViewController.h */ = {isa = PBXFileReference; lastKnownFileType = sourcecode.c.h; path = ViewController.h; sourceTree = "<group>"; };
		A196DE6B1AADEFC600E39712 /* ViewController.m */ = {isa = PBXFileReference; lastKnownFileType = sourcecode.c.objc; path = ViewController.m; sourceTree = "<group>"; };
		A196DE6E1AADEFC600E39712 /* Base */ = {isa = PBXFileReference; lastKnownFileType = file.storyboard; name = Base; path = Base.lproj/Main.storyboard; sourceTree = "<group>"; };
		A196DE701AADEFC600E39712 /* Images.xcassets */ = {isa = PBXFileReference; lastKnownFileType = folder.assetcatalog; path = Images.xcassets; sourceTree = "<group>"; };
		A196DE731AADEFC600E39712 /* Base */ = {isa = PBXFileReference; lastKnownFileType = file.xib; name = Base; path = Base.lproj/LaunchScreen.xib; sourceTree = "<group>"; };
		A196DE791AADEFC600E39712 /* ShoesAtTests.xctest */ = {isa = PBXFileReference; explicitFileType = wrapper.cfbundle; includeInIndex = 0; path = ShoesAtTests.xctest; sourceTree = BUILT_PRODUCTS_DIR; };
		A196DE7E1AADEFC600E39712 /* Info.plist */ = {isa = PBXFileReference; lastKnownFileType = text.plist.xml; path = Info.plist; sourceTree = "<group>"; };
		A196DE7F1AADEFC600E39712 /* ShoesAtTests.m */ = {isa = PBXFileReference; lastKnownFileType = sourcecode.c.objc; path = ShoesAtTests.m; sourceTree = "<group>"; };
		A1A5164A1AC2AD4200B3498A /* shoeb.png */ = {isa = PBXFileReference; lastKnownFileType = image.png; name = shoeb.png; path = ../../shoeb.png; sourceTree = "<group>"; };
		A1A5164E1AC2AEBD00B3498A /* FacebookSDK.framework */ = {isa = PBXFileReference; lastKnownFileType = wrapper.framework; name = FacebookSDK.framework; path = ../../Documents/FacebookSDK/FacebookSDK.framework; sourceTree = "<group>"; };
		A1A516501AC2B29500B3498A /* poza-buton.png */ = {isa = PBXFileReference; lastKnownFileType = image.png; name = "poza-buton.png"; path = "../poza-buton.png"; sourceTree = "<group>"; };
		A1A516521AC2B62000B3498A /* worldcitiespop.txt */ = {isa = PBXFileReference; fileEncoding = 4; lastKnownFileType = text; name = worldcitiespop.txt; path = ../../Downloads/worldcitiespop.txt; sourceTree = "<group>"; };
		A1A516541AC2BA8D00B3498A /* File.txt */ = {isa = PBXFileReference; fileEncoding = 4; lastKnownFileType = text; path = File.txt; sourceTree = "<group>"; };
		A1A516561AC306BB00B3498A /* ViewControllerTrips.h */ = {isa = PBXFileReference; fileEncoding = 4; lastKnownFileType = sourcecode.c.h; path = ViewControllerTrips.h; sourceTree = "<group>"; };
		A1A516571AC306BB00B3498A /* ViewControllerTrips.m */ = {isa = PBXFileReference; fileEncoding = 4; lastKnownFileType = sourcecode.c.objc; path = ViewControllerTrips.m; sourceTree = "<group>"; };
		A1A516591AC3083700B3498A /* ViewControllerLogOut.h */ = {isa = PBXFileReference; fileEncoding = 4; lastKnownFileType = sourcecode.c.h; path = ViewControllerLogOut.h; sourceTree = "<group>"; };
		A1A5165A1AC3083700B3498A /* ViewControllerLogOut.m */ = {isa = PBXFileReference; fileEncoding = 4; lastKnownFileType = sourcecode.c.objc; path = ViewControllerLogOut.m; sourceTree = "<group>"; };
		A1A5165C1AC314BC00B3498A /* CollectionViewCustomCell.h */ = {isa = PBXFileReference; fileEncoding = 4; lastKnownFileType = sourcecode.c.h; path = CollectionViewCustomCell.h; sourceTree = "<group>"; };
		A1A5165D1AC314BC00B3498A /* CollectionViewCustomCell.m */ = {isa = PBXFileReference; fileEncoding = 4; lastKnownFileType = sourcecode.c.objc; path = CollectionViewCustomCell.m; sourceTree = "<group>"; };
/* End PBXFileReference section */

/* Begin PBXFrameworksBuildPhase section */
		A196DE5D1AADEFC600E39712 /* Frameworks */ = {
			isa = PBXFrameworksBuildPhase;
			buildActionMask = 2147483647;
			files = (
				A1475B2E1AB0A98500D151B9 /* MapKit.framework in Frameworks */,
				A1A5164F1AC2AEBD00B3498A /* FacebookSDK.framework in Frameworks */,
			);
			runOnlyForDeploymentPostprocessing = 0;
		};
		A196DE761AADEFC600E39712 /* Frameworks */ = {
			isa = PBXFrameworksBuildPhase;
			buildActionMask = 2147483647;
			files = (
			);
			runOnlyForDeploymentPostprocessing = 0;
		};
/* End PBXFrameworksBuildPhase section */

/* Begin PBXGroup section */
		A196DE571AADEFC600E39712 = {
			isa = PBXGroup;
			children = (
				A1A5165C1AC314BC00B3498A /* CollectionViewCustomCell.h */,
				A1A5165D1AC314BC00B3498A /* CollectionViewCustomCell.m */,
				A1A516561AC306BB00B3498A /* ViewControllerTrips.h */,
				A1A516571AC306BB00B3498A /* ViewControllerTrips.m */,
				A1A516591AC3083700B3498A /* ViewControllerLogOut.h */,
				A1A5165A1AC3083700B3498A /* ViewControllerLogOut.m */,
				A1A516521AC2B62000B3498A /* worldcitiespop.txt */,
				A1A516541AC2BA8D00B3498A /* File.txt */,
				A1A516501AC2B29500B3498A /* poza-buton.png */,
				A1A5164E1AC2AEBD00B3498A /* FacebookSDK.framework */,
				A18761511AC1FFF000F8AAF8 /* DetailsViewController.h */,
				A18761541AC2150400F8AAF8 /* shoes.jpg */,
				A18761521AC1FFF000F8AAF8 /* DetailsViewController.m */,
				A187614F1AC1FA3D00F8AAF8 /* pin2.png */,
				A18761441AC1E82C00F8AAF8 /* CustomCell.h */,
				A18761451AC1E82C00F8AAF8 /* CustomCell.m */,
				A1475B2D1AB0A98500D151B9 /* MapKit.framework */,
				A1475B2F1AB0AEEE00D151B9 /* ViewControllerAddTrip.h */,
				A1475B301AB0AEEE00D151B9 /* ViewControllerAddTrip.m */,
				A196DE621AADEFC600E39712 /* ShoesAt */,
				A196DE7C1AADEFC600E39712 /* ShoesAtTests */,
				A196DE611AADEFC600E39712 /* Products */,
			);
			sourceTree = "<group>";
		};
		A196DE611AADEFC600E39712 /* Products */ = {
			isa = PBXGroup;
			children = (
				A196DE601AADEFC600E39712 /* ShoesAt.app */,
				A196DE791AADEFC600E39712 /* ShoesAtTests.xctest */,
			);
			name = Products;
			sourceTree = "<group>";
		};
		A196DE621AADEFC600E39712 /* ShoesAt */ = {
			isa = PBXGroup;
			children = (
				A196DE671AADEFC600E39712 /* AppDelegate.h */,
				A196DE681AADEFC600E39712 /* AppDelegate.m */,
				A196DE6A1AADEFC600E39712 /* ViewController.h */,
				A196DE6B1AADEFC600E39712 /* ViewController.m */,
				A196DE6D1AADEFC600E39712 /* Main.storyboard */,
				A1A5164A1AC2AD4200B3498A /* shoeb.png */,
				A187614D1AC1F9E100F8AAF8 /* pin.png */,
				A187614B1AC1EB9D00F8AAF8 /* dash1rev.png */,
				A18761471AC1EAC600F8AAF8 /* dash2.png */,
				A18761481AC1EAC600F8AAF8 /* dash1.png */,
				A1475B2A1AB0A8EC00D151B9 /* ViewControllerLoggedIn.h */,
				A1475B2B1AB0A8EC00D151B9 /* ViewControllerLoggedIn.m */,
				A196DE701AADEFC600E39712 /* Images.xcassets */,
				A196DE721AADEFC600E39712 /* LaunchScreen.xib */,
				A196DE631AADEFC600E39712 /* Supporting Files */,
			);
			path = ShoesAt;
			sourceTree = "<group>";
		};
		A196DE631AADEFC600E39712 /* Supporting Files */ = {
			isa = PBXGroup;
			children = (
				A196DE641AADEFC600E39712 /* Info.plist */,
				A196DE651AADEFC600E39712 /* main.m */,
			);
			name = "Supporting Files";
			sourceTree = "<group>";
		};
		A196DE7C1AADEFC600E39712 /* ShoesAtTests */ = {
			isa = PBXGroup;
			children = (
				A196DE7F1AADEFC600E39712 /* ShoesAtTests.m */,
				A196DE7D1AADEFC600E39712 /* Supporting Files */,
			);
			path = ShoesAtTests;
			sourceTree = "<group>";
		};
		A196DE7D1AADEFC600E39712 /* Supporting Files */ = {
			isa = PBXGroup;
			children = (
				A196DE7E1AADEFC600E39712 /* Info.plist */,
			);
			name = "Supporting Files";
			sourceTree = "<group>";
		};
/* End PBXGroup section */

/* Begin PBXNativeTarget section */
		A196DE5F1AADEFC600E39712 /* ShoesAt */ = {
			isa = PBXNativeTarget;
			buildConfigurationList = A196DE831AADEFC600E39712 /* Build configuration list for PBXNativeTarget "ShoesAt" */;
			buildPhases = (
				A196DE5C1AADEFC600E39712 /* Sources */,
				A196DE5D1AADEFC600E39712 /* Frameworks */,
				A196DE5E1AADEFC600E39712 /* Resources */,
			);
			buildRules = (
			);
			dependencies = (
			);
			name = ShoesAt;
			productName = ShoesAt;
			productReference = A196DE601AADEFC600E39712 /* ShoesAt.app */;
			productType = "com.apple.product-type.application";
		};
		A196DE781AADEFC600E39712 /* ShoesAtTests */ = {
			isa = PBXNativeTarget;
			buildConfigurationList = A196DE861AADEFC600E39712 /* Build configuration list for PBXNativeTarget "ShoesAtTests" */;
			buildPhases = (
				A196DE751AADEFC600E39712 /* Sources */,
				A196DE761AADEFC600E39712 /* Frameworks */,
				A196DE771AADEFC600E39712 /* Resources */,
			);
			buildRules = (
			);
			dependencies = (
				A196DE7B1AADEFC600E39712 /* PBXTargetDependency */,
			);
			name = ShoesAtTests;
			productName = ShoesAtTests;
			productReference = A196DE791AADEFC600E39712 /* ShoesAtTests.xctest */;
			productType = "com.apple.product-type.bundle.unit-test";
		};
/* End PBXNativeTarget section */

/* Begin PBXProject section */
		A196DE581AADEFC600E39712 /* Project object */ = {
			isa = PBXProject;
			attributes = {
				LastUpgradeCheck = 0610;
				ORGANIZATIONNAME = "Bogdan Tudor";
				TargetAttributes = {
					A196DE5F1AADEFC600E39712 = {
						CreatedOnToolsVersion = 6.1;
					};
					A196DE781AADEFC600E39712 = {
						CreatedOnToolsVersion = 6.1;
						TestTargetID = A196DE5F1AADEFC600E39712;
					};
				};
			};
			buildConfigurationList = A196DE5B1AADEFC600E39712 /* Build configuration list for PBXProject "ShoesAt" */;
			compatibilityVersion = "Xcode 3.2";
			developmentRegion = English;
			hasScannedForEncodings = 0;
			knownRegions = (
				en,
				Base,
			);
			mainGroup = A196DE571AADEFC600E39712;
			productRefGroup = A196DE611AADEFC600E39712 /* Products */;
			projectDirPath = "";
			projectRoot = "";
			targets = (
				A196DE5F1AADEFC600E39712 /* ShoesAt */,
				A196DE781AADEFC600E39712 /* ShoesAtTests */,
			);
		};
/* End PBXProject section */

/* Begin PBXResourcesBuildPhase section */
		A196DE5E1AADEFC600E39712 /* Resources */ = {
			isa = PBXResourcesBuildPhase;
			buildActionMask = 2147483647;
			files = (
				A1A516511AC2B29500B3498A /* poza-buton.png in Resources */,
				A196DE6F1AADEFC600E39712 /* Main.storyboard in Resources */,
				A18761551AC2150400F8AAF8 /* shoes.jpg in Resources */,
				A187614C1AC1EB9D00F8AAF8 /* dash1rev.png in Resources */,
				A1A516531AC2B62000B3498A /* worldcitiespop.txt in Resources */,
				A1A5164B1AC2AD4200B3498A /* shoeb.png in Resources */,
				A196DE741AADEFC600E39712 /* LaunchScreen.xib in Resources */,
				A187614E1AC1F9E100F8AAF8 /* pin.png in Resources */,
				A18761501AC1FA3D00F8AAF8 /* pin2.png in Resources */,
				A18761491AC1EAC600F8AAF8 /* dash2.png in Resources */,
				A1A516551AC2BA8D00B3498A /* File.txt in Resources */,
				A196DE711AADEFC600E39712 /* Images.xcassets in Resources */,
				A187614A1AC1EAC600F8AAF8 /* dash1.png in Resources */,
			);
			runOnlyForDeploymentPostprocessing = 0;
		};
		A196DE771AADEFC600E39712 /* Resources */ = {
			isa = PBXResourcesBuildPhase;
			buildActionMask = 2147483647;
			files = (
			);
			runOnlyForDeploymentPostprocessing = 0;
		};
/* End PBXResourcesBuildPhase section */

/* Begin PBXSourcesBuildPhase section */
		A196DE5C1AADEFC600E39712 /* Sources */ = {
			isa = PBXSourcesBuildPhase;
			buildActionMask = 2147483647;
			files = (
				A196DE6C1AADEFC600E39712 /* ViewController.m in Sources */,
				A1A516581AC306BB00B3498A /* ViewControllerTrips.m in Sources */,
				A196DE691AADEFC600E39712 /* AppDelegate.m in Sources */,
				A18761461AC1E82C00F8AAF8 /* CustomCell.m in Sources */,
				A1A5165B1AC3083700B3498A /* ViewControllerLogOut.m in Sources */,
				A196DE661AADEFC600E39712 /* main.m in Sources */,
				A18761531AC1FFF000F8AAF8 /* DetailsViewController.m in Sources */,
				A1A5165E1AC314BC00B3498A /* CollectionViewCustomCell.m in Sources */,
				A1475B311AB0AEEE00D151B9 /* ViewControllerAddTrip.m in Sources */,
				A1475B2C1AB0A8EC00D151B9 /* ViewControllerLoggedIn.m in Sources */,
			);
			runOnlyForDeploymentPostprocessing = 0;
		};
		A196DE751AADEFC600E39712 /* Sources */ = {
			isa = PBXSourcesBuildPhase;
			buildActionMask = 2147483647;
			files = (
				A196DE801AADEFC600E39712 /* ShoesAtTests.m in Sources */,
			);
			runOnlyForDeploymentPostprocessing = 0;
		};
/* End PBXSourcesBuildPhase section */

/* Begin PBXTargetDependency section */
		A196DE7B1AADEFC600E39712 /* PBXTargetDependency */ = {
			isa = PBXTargetDependency;
			target = A196DE5F1AADEFC600E39712 /* ShoesAt */;
			targetProxy = A196DE7A1AADEFC600E39712 /* PBXContainerItemProxy */;
		};
/* End PBXTargetDependency section */

/* Begin PBXVariantGroup section */
		A196DE6D1AADEFC600E39712 /* Main.storyboard */ = {
			isa = PBXVariantGroup;
			children = (
				A196DE6E1AADEFC600E39712 /* Base */,
			);
			name = Main.storyboard;
			sourceTree = "<group>";
		};
		A196DE721AADEFC600E39712 /* LaunchScreen.xib */ = {
			isa = PBXVariantGroup;
			children = (
				A196DE731AADEFC600E39712 /* Base */,
			);
			name = LaunchScreen.xib;
			sourceTree = "<group>";
		};
/* End PBXVariantGroup section */

/* Begin XCBuildConfiguration section */
		A196DE811AADEFC600E39712 /* Debug */ = {
			isa = XCBuildConfiguration;
			buildSettings = {
				ALWAYS_SEARCH_USER_PATHS = NO;
				CLANG_CXX_LANGUAGE_STANDARD = "gnu++0x";
				CLANG_CXX_LIBRARY = "libc++";
				CLANG_ENABLE_MODULES = YES;
				CLANG_ENABLE_OBJC_ARC = YES;
				CLANG_WARN_BOOL_CONVERSION = YES;
				CLANG_WARN_CONSTANT_CONVERSION = YES;
				CLANG_WARN_DIRECT_OBJC_ISA_USAGE = YES_ERROR;
				CLANG_WARN_EMPTY_BODY = YES;
				CLANG_WARN_ENUM_CONVERSION = YES;
				CLANG_WARN_INT_CONVERSION = YES;
				CLANG_WARN_OBJC_ROOT_CLASS = YES_ERROR;
				CLANG_WARN_UNREACHABLE_CODE = YES;
				CLANG_WARN__DUPLICATE_METHOD_MATCH = YES;
				"CODE_SIGN_IDENTITY[sdk=iphoneos*]" = "iPhone Developer";
				COPY_PHASE_STRIP = NO;
				ENABLE_STRICT_OBJC_MSGSEND = YES;
				GCC_C_LANGUAGE_STANDARD = gnu99;
				GCC_DYNAMIC_NO_PIC = NO;
				GCC_OPTIMIZATION_LEVEL = 0;
				GCC_PREPROCESSOR_DEFINITIONS = (
					"DEBUG=1",
					"$(inherited)",
				);
				GCC_SYMBOLS_PRIVATE_EXTERN = NO;
				GCC_WARN_64_TO_32_BIT_CONVERSION = YES;
				GCC_WARN_ABOUT_RETURN_TYPE = YES_ERROR;
				GCC_WARN_UNDECLARED_SELECTOR = YES;
				GCC_WARN_UNINITIALIZED_AUTOS = YES_AGGRESSIVE;
				GCC_WARN_UNUSED_FUNCTION = YES;
				GCC_WARN_UNUSED_VARIABLE = YES;
				IPHONEOS_DEPLOYMENT_TARGET = 8.1;
				MTL_ENABLE_DEBUG_INFO = YES;
				ONLY_ACTIVE_ARCH = YES;
				SDKROOT = iphoneos;
				TARGETED_DEVICE_FAMILY = "1,2";
			};
			name = Debug;
		};
		A196DE821AADEFC600E39712 /* Release */ = {
			isa = XCBuildConfiguration;
			buildSettings = {
				ALWAYS_SEARCH_USER_PATHS = NO;
				CLANG_CXX_LANGUAGE_STANDARD = "gnu++0x";
				CLANG_CXX_LIBRARY = "libc++";
				CLANG_ENABLE_MODULES = YES;
				CLANG_ENABLE_OBJC_ARC = YES;
				CLANG_WARN_BOOL_CONVERSION = YES;
				CLANG_WARN_CONSTANT_CONVERSION = YES;
				CLANG_WARN_DIRECT_OBJC_ISA_USAGE = YES_ERROR;
				CLANG_WARN_EMPTY_BODY = YES;
				CLANG_WARN_ENUM_CONVERSION = YES;
				CLANG_WARN_INT_CONVERSION = YES;
				CLANG_WARN_OBJC_ROOT_CLASS = YES_ERROR;
				CLANG_WARN_UNREACHABLE_CODE = YES;
				CLANG_WARN__DUPLICATE_METHOD_MATCH = YES;
				"CODE_SIGN_IDENTITY[sdk=iphoneos*]" = "iPhone Developer";
				COPY_PHASE_STRIP = YES;
				ENABLE_NS_ASSERTIONS = NO;
				ENABLE_STRICT_OBJC_MSGSEND = YES;
				GCC_C_LANGUAGE_STANDARD = gnu99;
				GCC_WARN_64_TO_32_BIT_CONVERSION = YES;
				GCC_WARN_ABOUT_RETURN_TYPE = YES_ERROR;
				GCC_WARN_UNDECLARED_SELECTOR = YES;
				GCC_WARN_UNINITIALIZED_AUTOS = YES_AGGRESSIVE;
				GCC_WARN_UNUSED_FUNCTION = YES;
				GCC_WARN_UNUSED_VARIABLE = YES;
				IPHONEOS_DEPLOYMENT_TARGET = 8.1;
				MTL_ENABLE_DEBUG_INFO = NO;
				SDKROOT = iphoneos;
				TARGETED_DEVICE_FAMILY = "1,2";
				VALIDATE_PRODUCT = YES;
			};
			name = Release;
		};
		A196DE841AADEFC600E39712 /* Debug */ = {
			isa = XCBuildConfiguration;
			buildSettings = {
				ASSETCATALOG_COMPILER_APPICON_NAME = AppIcon;
				ASSETCATALOG_COMPILER_LAUNCHIMAGE_NAME = LaunchImage;
				FRAMEWORK_SEARCH_PATHS = (
					"$(inherited)",
					"/Users/bogdantudor/Downloads/parse-library-1",
					/Users/bogdantudor/Documents/FacebookSDK,
				);
				INFOPLIST_FILE = ShoesAt/Info.plist;
				IPHONEOS_DEPLOYMENT_TARGET = 6.1;
				LD_RUNPATH_SEARCH_PATHS = "$(inherited) @executable_path/Frameworks";
				PRODUCT_NAME = "$(TARGET_NAME)";
			};
			name = Debug;
		};
		A196DE851AADEFC600E39712 /* Release */ = {
			isa = XCBuildConfiguration;
			buildSettings = {
				ASSETCATALOG_COMPILER_APPICON_NAME = AppIcon;
				ASSETCATALOG_COMPILER_LAUNCHIMAGE_NAME = LaunchImage;
				FRAMEWORK_SEARCH_PATHS = (
					"$(inherited)",
					"/Users/bogdantudor/Downloads/parse-library-1",
					/Users/bogdantudor/Documents/FacebookSDK,
				);
				INFOPLIST_FILE = ShoesAt/Info.plist;
				IPHONEOS_DEPLOYMENT_TARGET = 6.1;
				LD_RUNPATH_SEARCH_PATHS = "$(inherited) @executable_path/Frameworks";
				PRODUCT_NAME = "$(TARGET_NAME)";
			};
			name = Release;
		};
		A196DE871AADEFC600E39712 /* Debug */ = {
			isa = XCBuildConfiguration;
			buildSettings = {
				BUNDLE_LOADER = "$(TEST_HOST)";
				FRAMEWORK_SEARCH_PATHS = (
					"$(SDKROOT)/Developer/Library/Frameworks",
					"$(inherited)",
				);
				GCC_PREPROCESSOR_DEFINITIONS = (
					"DEBUG=1",
					"$(inherited)",
				);
				INFOPLIST_FILE = ShoesAtTests/Info.plist;
				LD_RUNPATH_SEARCH_PATHS = "$(inherited) @executable_path/Frameworks @loader_path/Frameworks";
				PRODUCT_NAME = "$(TARGET_NAME)";
				TEST_HOST = "$(BUILT_PRODUCTS_DIR)/ShoesAt.app/ShoesAt";
			};
			name = Debug;
		};
		A196DE881AADEFC600E39712 /* Release */ = {
			isa = XCBuildConfiguration;
			buildSettings = {
				BUNDLE_LOADER = "$(TEST_HOST)";
				FRAMEWORK_SEARCH_PATHS = (
					"$(SDKROOT)/Developer/Library/Frameworks",
					"$(inherited)",
				);
				INFOPLIST_FILE = ShoesAtTests/Info.plist;
				LD_RUNPATH_SEARCH_PATHS = "$(inherited) @executable_path/Frameworks @loader_path/Frameworks";
				PRODUCT_NAME = "$(TARGET_NAME)";
				TEST_HOST = "$(BUILT_PRODUCTS_DIR)/ShoesAt.app/ShoesAt";
			};
			name = Release;
		};
/* End XCBuildConfiguration section */

/* Begin XCConfigurationList section */
		A196DE5B1AADEFC600E39712 /* Build configuration list for PBXProject "ShoesAt" */ = {
			isa = XCConfigurationList;
			buildConfigurations = (
				A196DE811AADEFC600E39712 /* Debug */,
				A196DE821AADEFC600E39712 /* Release */,
			);
			defaultConfigurationIsVisible = 0;
			defaultConfigurationName = Release;
		};
		A196DE831AADEFC600E39712 /* Build configuration list for PBXNativeTarget "ShoesAt" */ = {
			isa = XCConfigurationList;
			buildConfigurations = (
				A196DE841AADEFC600E39712 /* Debug */,
				A196DE851AADEFC600E39712 /* Release */,
			);
			defaultConfigurationIsVisible = 0;
			defaultConfigurationName = Release;
		};
		A196DE861AADEFC600E39712 /* Build configuration list for PBXNativeTarget "ShoesAtTests" */ = {
			isa = XCConfigurationList;
			buildConfigurations = (
				A196DE871AADEFC600E39712 /* Debug */,
				A196DE881AADEFC600E39712 /* Release */,
			);
			defaultConfigurationIsVisible = 0;
			defaultConfigurationName = Release;
		};
/* End XCConfigurationList section */
	};
	rootObject = A196DE581AADEFC600E39712 /* Project object */;
}
